
Microsoft Visual Studio Solution File, Format Version 12.00
# Visual Studio Version 17
VisualStudioVersion = 17.1.32210.238
MinimumVisualStudioVersion = 10.0.40219.1
Project("{9A19103F-16F7-4668-BE54-9A1E7A4F7556}") = "ApiTrayCorp", "ApiTrayCorp\ApiTrayCorp.csproj", "{90DEF63C-412E-42F3-838A-70BD806EE33B}"
EndProject
Project("{FAE04EC0-301F-11D3-BF4B-00C04F79EFBC}") = "TesteUnitarioApiTrayCorp", "TesteUnitarioApiTrayCorp\TesteUnitarioApiTrayCorp.csproj", "{8F4EDBB5-FE63-42BD-89FD-25A5A5501C4B}"
EndProject
Global
	GlobalSection(SolutionConfigurationPlatforms) = preSolution
		Debug|Any CPU = Debug|Any CPU
		Release|Any CPU = Release|Any CPU
	EndGlobalSection
	GlobalSection(ProjectConfigurationPlatforms) = postSolution
		{90DEF63C-412E-42F3-838A-70BD806EE33B}.Debug|Any CPU.ActiveCfg = Debug|Any CPU
		{90DEF63C-412E-42F3-838A-70BD806EE33B}.Debug|Any CPU.Build.0 = Debug|Any CPU
		{90DEF63C-412E-42F3-838A-70BD806EE33B}.Release|Any CPU.ActiveCfg = Release|Any CPU
		{90DEF63C-412E-42F3-838A-70BD806EE33B}.Release|Any CPU.Build.0 = Release|Any CPU
		{8F4EDBB5-FE63-42BD-89FD-25A5A5501C4B}.Debug|Any CPU.ActiveCfg = Debug|Any CPU
		{8F4EDBB5-FE63-42BD-89FD-25A5A5501C4B}.Debug|Any CPU.Build.0 = Debug|Any CPU
		{8F4EDBB5-FE63-42BD-89FD-25A5A5501C4B}.Release|Any CPU.ActiveCfg = Release|Any CPU
		{8F4EDBB5-FE63-42BD-89FD-25A5A5501C4B}.Release|Any CPU.Build.0 = Release|Any CPU
	EndGlobalSection
	GlobalSection(SolutionProperties) = preSolution
		HideSolutionNode = FALSE
	EndGlobalSection
	GlobalSection(ExtensibilityGlobals) = postSolution
		SolutionGuid = {DC0CA578-4948-4F06-A142-C3A038D77563}
	EndGlobalSection
EndGlobal
